
Microsoft Visual Studio Solution File, Format Version 12.00
# Visual Studio Version 17
VisualStudioVersion = 17.3.32819.101
MinimumVisualStudioVersion = 10.0.40219.1
Project("{FAE04EC0-301F-11D3-BF4B-00C04F79EFBC}") = "stock-market", "stock-market\stock-market.csproj", "{9F23CA73-2696-4FC2-9E13-B6EA5ACA0C19}"
EndProject
Global
	GlobalSection(SolutionConfigurationPlatforms) = preSolution
		Debug|Any CPU = Debug|Any CPU
		Release|Any CPU = Release|Any CPU
	EndGlobalSection
	GlobalSection(ProjectConfigurationPlatforms) = postSolution
		{9F23CA73-2696-4FC2-9E13-B6EA5ACA0C19}.Debug|Any CPU.ActiveCfg = Debug|Any CPU
		{9F23CA73-2696-4FC2-9E13-B6EA5ACA0C19}.Debug|Any CPU.Build.0 = Debug|Any CPU
		{9F23CA73-2696-4FC2-9E13-B6EA5ACA0C19}.Release|Any CPU.ActiveCfg = Release|Any CPU
		{9F23CA73-2696-4FC2-9E13-B6EA5ACA0C19}.Release|Any CPU.Build.0 = Release|Any CPU
	EndGlobalSection
	GlobalSection(SolutionProperties) = preSolution
		HideSolutionNode = FALSE
	EndGlobalSection
	GlobalSection(ExtensibilityGlobals) = postSolution
		SolutionGuid = {DD0EFC42-47B3-4CA3-8037-6A09E3AA8008}
	EndGlobalSection
EndGlobal
